// !$*UTF8*$!
{
	archiveVersion = 1;
	classes = {
	};
	objectVersion = 50;
	objects = {

/* Begin PBXBuildFile section */
		14D00D1C229B469F004568E2 /* AppDelegate.swift in Sources */ = {isa = PBXBuildFile; fileRef = 14D00D1B229B469F004568E2 /* AppDelegate.swift */; };
		14D00D1E229B469F004568E2 /* ViewController.swift in Sources */ = {isa = PBXBuildFile; fileRef = 14D00D1D229B469F004568E2 /* ViewController.swift */; };
		14D00D21229B469F004568E2 /* Main.storyboard in Resources */ = {isa = PBXBuildFile; fileRef = 14D00D1F229B469F004568E2 /* Main.storyboard */; };
		14D00D24229B469F004568E2 /* collectionViewDemo.xcdatamodeld in Sources */ = {isa = PBXBuildFile; fileRef = 14D00D22229B469F004568E2 /* collectionViewDemo.xcdatamodeld */; };
		14D00D26229B46A0004568E2 /* Assets.xcassets in Resources */ = {isa = PBXBuildFile; fileRef = 14D00D25229B46A0004568E2 /* Assets.xcassets */; };
		14D00D29229B46A0004568E2 /* LaunchScreen.storyboard in Resources */ = {isa = PBXBuildFile; fileRef = 14D00D27229B46A0004568E2 /* LaunchScreen.storyboard */; };
		14D00D34229B46A0004568E2 /* collectionViewDemoTests.swift in Sources */ = {isa = PBXBuildFile; fileRef = 14D00D33229B46A0004568E2 /* collectionViewDemoTests.swift */; };
		14D00D3F229B46A0004568E2 /* collectionViewDemoUITests.swift in Sources */ = {isa = PBXBuildFile; fileRef = 14D00D3E229B46A0004568E2 /* collectionViewDemoUITests.swift */; };
/* End PBXBuildFile section */

/* Begin PBXContainerItemProxy section */
		14D00D30229B46A0004568E2 /* PBXContainerItemProxy */ = {
			isa = PBXContainerItemProxy;
			containerPortal = 14D00D10229B469F004568E2 /* Project object */;
			proxyType = 1;
			remoteGlobalIDString = 14D00D17229B469F004568E2;
			remoteInfo = collectionViewDemo;
		};
		14D00D3B229B46A0004568E2 /* PBXContainerItemProxy */ = {
			isa = PBXContainerItemProxy;
			containerPortal = 14D00D10229B469F004568E2 /* Project object */;
			proxyType = 1;
			remoteGlobalIDString = 14D00D17229B469F004568E2;
			remoteInfo = collectionViewDemo;
		};
/* End PBXContainerItemProxy section */

/* Begin PBXFileReference section */
		14D00D18229B469F004568E2 /* collectionViewDemo.app */ = {isa = PBXFileReference; explicitFileType = wrapper.application; includeInIndex = 0; path = collectionViewDemo.app; sourceTree = BUILT_PRODUCTS_DIR; };
		14D00D1B229B469F004568E2 /* AppDelegate.swift */ = {isa = PBXFileReference; lastKnownFileType = sourcecode.swift; path = AppDelegate.swift; sourceTree = "<group>"; };
		14D00D1D229B469F004568E2 /* ViewController.swift */ = {isa = PBXFileReference; lastKnownFileType = sourcecode.swift; path = ViewController.swift; sourceTree = "<group>"; };
		14D00D20229B469F004568E2 /* Base */ = {isa = PBXFileReference; lastKnownFileType = file.storyboard; name = Base; path = Base.lproj/Main.storyboard; sourceTree = "<group>"; };
		14D00D23229B469F004568E2 /* collectionViewDemo.xcdatamodel */ = {isa = PBXFileReference; lastKnownFileType = wrapper.xcdatamodel; path = collectionViewDemo.xcdatamodel; sourceTree = "<group>"; };
		14D00D25229B46A0004568E2 /* Assets.xcassets */ = {isa = PBXFileReference; lastKnownFileType = folder.assetcatalog; path = Assets.xcassets; sourceTree = "<group>"; };
		14D00D28229B46A0004568E2 /* Base */ = {isa = PBXFileReference; lastKnownFileType = file.storyboard; name = Base; path = Base.lproj/LaunchScreen.storyboard; sourceTree = "<group>"; };
		14D00D2A229B46A0004568E2 /* Info.plist */ = {isa = PBXFileReference; lastKnownFileType = text.plist.xml; path = Info.plist; sourceTree = "<group>"; };
		14D00D2F229B46A0004568E2 /* collectionViewDemoTests.xctest */ = {isa = PBXFileReference; explicitFileType = wrapper.cfbundle; includeInIndex = 0; path = collectionViewDemoTests.xctest; sourceTree = BUILT_PRODUCTS_DIR; };
		14D00D33229B46A0004568E2 /* collectionViewDemoTests.swift */ = {isa = PBXFileReference; lastKnownFileType = sourcecode.swift; path = collectionViewDemoTests.swift; sourceTree = "<group>"; };
		14D00D35229B46A0004568E2 /* Info.plist */ = {isa = PBXFileReference; lastKnownFileType = text.plist.xml; path = Info.plist; sourceTree = "<group>"; };
		14D00D3A229B46A0004568E2 /* collectionViewDemoUITests.xctest */ = {isa = PBXFileReference; explicitFileType = wrapper.cfbundle; includeInIndex = 0; path = collectionViewDemoUITests.xctest; sourceTree = BUILT_PRODUCTS_DIR; };
		14D00D3E229B46A0004568E2 /* collectionViewDemoUITests.swift */ = {isa = PBXFileReference; lastKnownFileType = sourcecode.swift; path = collectionViewDemoUITests.swift; sourceTree = "<group>"; };
		14D00D40229B46A0004568E2 /* Info.plist */ = {isa = PBXFileReference; lastKnownFileType = text.plist.xml; path = Info.plist; sourceTree = "<group>"; };
/* End PBXFileReference section */

/* Begin PBXFrameworksBuildPhase section */
		14D00D15229B469F004568E2 /* Frameworks */ = {
			isa = PBXFrameworksBuildPhase;
			buildActionMask = 2147483647;
			files = (
			);
			runOnlyForDeploymentPostprocessing = 0;
		};
		14D00D2C229B46A0004568E2 /* Frameworks */ = {
			isa = PBXFrameworksBuildPhase;
			buildActionMask = 2147483647;
			files = (
			);
			runOnlyForDeploymentPostprocessing = 0;
		};
		14D00D37229B46A0004568E2 /* Frameworks */ = {
			isa = PBXFrameworksBuildPhase;
			buildActionMask = 2147483647;
			files = (
			);
			runOnlyForDeploymentPostprocessing = 0;
		};
/* End PBXFrameworksBuildPhase section */

/* Begin PBXGroup section */
		14D00D0F229B469F004568E2 = {
			isa = PBXGroup;
			children = (
				14D00D1A229B469F004568E2 /* collectionViewDemo */,
				14D00D32229B46A0004568E2 /* collectionViewDemoTests */,
				14D00D3D229B46A0004568E2 /* collectionViewDemoUITests */,
				14D00D19229B469F004568E2 /* Products */,
			);
			sourceTree = "<group>";
		};
		14D00D19229B469F004568E2 /* Products */ = {
			isa = PBXGroup;
			children = (
				14D00D18229B469F004568E2 /* collectionViewDemo.app */,
				14D00D2F229B46A0004568E2 /* collectionViewDemoTests.xctest */,
				14D00D3A229B46A0004568E2 /* collectionViewDemoUITests.xctest */,
			);
			name = Products;
			sourceTree = "<group>";
		};
		14D00D1A229B469F004568E2 /* collectionViewDemo */ = {
			isa = PBXGroup;
			children = (
				14D00D1B229B469F004568E2 /* AppDelegate.swift */,
				14D00D1D229B469F004568E2 /* ViewController.swift */,
				14D00D1F229B469F004568E2 /* Main.storyboard */,
				14D00D25229B46A0004568E2 /* Assets.xcassets */,
				14D00D27229B46A0004568E2 /* LaunchScreen.storyboard */,
				14D00D2A229B46A0004568E2 /* Info.plist */,
				14D00D22229B469F004568E2 /* collectionViewDemo.xcdatamodeld */,
			);
			path = collectionViewDemo;
			sourceTree = "<group>";
		};
		14D00D32229B46A0004568E2 /* collectionViewDemoTests */ = {
			isa = PBXGroup;
			children = (
				14D00D33229B46A0004568E2 /* collectionViewDemoTests.swift */,
				14D00D35229B46A0004568E2 /* Info.plist */,
			);
			path = collectionViewDemoTests;
			sourceTree = "<group>";
		};
		14D00D3D229B46A0004568E2 /* collectionViewDemoUITests */ = {
			isa = PBXGroup;
			children = (
				14D00D3E229B46A0004568E2 /* collectionViewDemoUITests.swift */,
				14D00D40229B46A0004568E2 /* Info.plist */,
			);
			path = collectionViewDemoUITests;
			sourceTree = "<group>";
		};
/* End PBXGroup section */

/* Begin PBXNativeTarget section */
		14D00D17229B469F004568E2 /* collectionViewDemo */ = {
			isa = PBXNativeTarget;
			buildConfigurationList = 14D00D43229B46A0004568E2 /* Build configuration list for PBXNativeTarget "collectionViewDemo" */;
			buildPhases = (
				14D00D14229B469F004568E2 /* Sources */,
				14D00D15229B469F004568E2 /* Frameworks */,
				14D00D16229B469F004568E2 /* Resources */,
			);
			buildRules = (
			);
			dependencies = (
			);
			name = collectionViewDemo;
			productName = collectionViewDemo;
			productReference = 14D00D18229B469F004568E2 /* collectionViewDemo.app */;
			productType = "com.apple.product-type.application";
		};
		14D00D2E229B46A0004568E2 /* collectionViewDemoTests */ = {
			isa = PBXNativeTarget;
			buildConfigurationList = 14D00D46229B46A0004568E2 /* Build configuration list for PBXNativeTarget "collectionViewDemoTests" */;
			buildPhases = (
				14D00D2B229B46A0004568E2 /* Sources */,
				14D00D2C229B46A0004568E2 /* Frameworks */,
				14D00D2D229B46A0004568E2 /* Resources */,
			);
			buildRules = (
			);
			dependencies = (
				14D00D31229B46A0004568E2 /* PBXTargetDependency */,
			);
			name = collectionViewDemoTests;
			productName = collectionViewDemoTests;
			productReference = 14D00D2F229B46A0004568E2 /* collectionViewDemoTests.xctest */;
			productType = "com.apple.product-type.bundle.unit-test";
		};
		14D00D39229B46A0004568E2 /* collectionViewDemoUITests */ = {
			isa = PBXNativeTarget;
			buildConfigurationList = 14D00D49229B46A0004568E2 /* Build configuration list for PBXNativeTarget "collectionViewDemoUITests" */;
			buildPhases = (
				14D00D36229B46A0004568E2 /* Sources */,
				14D00D37229B46A0004568E2 /* Frameworks */,
				14D00D38229B46A0004568E2 /* Resources */,
			);
			buildRules = (
			);
			dependencies = (
				14D00D3C229B46A0004568E2 /* PBXTargetDependency */,
			);
			name = collectionViewDemoUITests;
			productName = collectionViewDemoUITests;
			productReference = 14D00D3A229B46A0004568E2 /* collectionViewDemoUITests.xctest */;
			productType = "com.apple.product-type.bundle.ui-testing";
		};
/* End PBXNativeTarget section */

/* Begin PBXProject section */
		14D00D10229B469F004568E2 /* Project object */ = {
			isa = PBXProject;
			attributes = {
				LastSwiftUpdateCheck = 1010;
				LastUpgradeCheck = 1010;
				ORGANIZATIONNAME = "Jorge Pinedo";
				TargetAttributes = {
					14D00D17229B469F004568E2 = {
						CreatedOnToolsVersion = 10.1;
					};
					14D00D2E229B46A0004568E2 = {
						CreatedOnToolsVersion = 10.1;
						TestTargetID = 14D00D17229B469F004568E2;
					};
					14D00D39229B46A0004568E2 = {
						CreatedOnToolsVersion = 10.1;
						TestTargetID = 14D00D17229B469F004568E2;
					};
				};
			};
			buildConfigurationList = 14D00D13229B469F004568E2 /* Build configuration list for PBXProject "collectionViewDemo" */;
			compatibilityVersion = "Xcode 9.3";
			developmentRegion = en;
			hasScannedForEncodings = 0;
			knownRegions = (
				en,
				Base,
			);
			mainGroup = 14D00D0F229B469F004568E2;
			productRefGroup = 14D00D19229B469F004568E2 /* Products */;
			projectDirPath = "";
			projectRoot = "";
			targets = (
				14D00D17229B469F004568E2 /* collectionViewDemo */,
				14D00D2E229B46A0004568E2 /* collectionViewDemoTests */,
				14D00D39229B46A0004568E2 /* collectionViewDemoUITests */,
			);
		};
/* End PBXProject section */

/* Begin PBXResourcesBuildPhase section */
		14D00D16229B469F004568E2 /* Resources */ = {
			isa = PBXResourcesBuildPhase;
			buildActionMask = 2147483647;
			files = (
				14D00D29229B46A0004568E2 /* LaunchScreen.storyboard in Resources */,
				14D00D26229B46A0004568E2 /* Assets.xcassets in Resources */,
				14D00D21229B469F004568E2 /* Main.storyboard in Resources */,
			);
			runOnlyForDeploymentPostprocessing = 0;
		};
		14D00D2D229B46A0004568E2 /* Resources */ = {
			isa = PBXResourcesBuildPhase;
			buildActionMask = 2147483647;
			files = (
			);
			runOnlyForDeploymentPostprocessing = 0;
		};
		14D00D38229B46A0004568E2 /* Resources */ = {
			isa = PBXResourcesBuildPhase;
			buildActionMask = 2147483647;
			files = (
			);
			runOnlyForDeploymentPostprocessing = 0;
		};
/* End PBXResourcesBuildPhase section */

/* Begin PBXSourcesBuildPhase section */
		14D00D14229B469F004568E2 /* Sources */ = {
			isa = PBXSourcesBuildPhase;
			buildActionMask = 2147483647;
			files = (
				14D00D1E229B469F004568E2 /* ViewController.swift in Sources */,
				14D00D24229B469F004568E2 /* collectionViewDemo.xcdatamodeld in Sources */,
				14D00D1C229B469F004568E2 /* AppDelegate.swift in Sources */,
			);
			runOnlyForDeploymentPostprocessing = 0;
		};
		14D00D2B229B46A0004568E2 /* Sources */ = {
			isa = PBXSourcesBuildPhase;
			buildActionMask = 2147483647;
			files = (
				14D00D34229B46A0004568E2 /* collectionViewDemoTests.swift in Sources */,
			);
			runOnlyForDeploymentPostprocessing = 0;
		};
		14D00D36229B46A0004568E2 /* Sources */ = {
			isa = PBXSourcesBuildPhase;
			buildActionMask = 2147483647;
			files = (
				14D00D3F229B46A0004568E2 /* collectionViewDemoUITests.swift in Sources */,
			);
			runOnlyForDeploymentPostprocessing = 0;
		};
/* End PBXSourcesBuildPhase section */

/* Begin PBXTargetDependency section */
		14D00D31229B46A0004568E2 /* PBXTargetDependency */ = {
			isa = PBXTargetDependency;
			target = 14D00D17229B469F004568E2 /* collectionViewDemo */;
			targetProxy = 14D00D30229B46A0004568E2 /* PBXContainerItemProxy */;
		};
		14D00D3C229B46A0004568E2 /* PBXTargetDependency */ = {
			isa = PBXTargetDependency;
			target = 14D00D17229B469F004568E2 /* collectionViewDemo */;
			targetProxy = 14D00D3B229B46A0004568E2 /* PBXContainerItemProxy */;
		};
/* End PBXTargetDependency section */

/* Begin PBXVariantGroup section */
		14D00D1F229B469F004568E2 /* Main.storyboard */ = {
			isa = PBXVariantGroup;
			children = (
				14D00D20229B469F004568E2 /* Base */,
			);
			name = Main.storyboard;
			sourceTree = "<group>";
		};
		14D00D27229B46A0004568E2 /* LaunchScreen.storyboard */ = {
			isa = PBXVariantGroup;
			children = (
				14D00D28229B46A0004568E2 /* Base */,
			);
			name = LaunchScreen.storyboard;
			sourceTree = "<group>";
		};
/* End PBXVariantGroup section */

/* Begin XCBuildConfiguration section */
		14D00D41229B46A0004568E2 /* Debug */ = {
			isa = XCBuildConfiguration;
			buildSettings = {
				ALWAYS_SEARCH_USER_PATHS = NO;
				CLANG_ANALYZER_NONNULL = YES;
				CLANG_ANALYZER_NUMBER_OBJECT_CONVERSION = YES_AGGRESSIVE;
				CLANG_CXX_LANGUAGE_STANDARD = "gnu++14";
				CLANG_CXX_LIBRARY = "libc++";
				CLANG_ENABLE_MODULES = YES;
				CLANG_ENABLE_OBJC_ARC = YES;
				CLANG_ENABLE_OBJC_WEAK = YES;
				CLANG_WARN_BLOCK_CAPTURE_AUTORELEASING = YES;
				CLANG_WARN_BOOL_CONVERSION = YES;
				CLANG_WARN_COMMA = YES;
				CLANG_WARN_CONSTANT_CONVERSION = YES;
				CLANG_WARN_DEPRECATED_OBJC_IMPLEMENTATIONS = YES;
				CLANG_WARN_DIRECT_OBJC_ISA_USAGE = YES_ERROR;
				CLANG_WARN_DOCUMENTATION_COMMENTS = YES;
				CLANG_WARN_EMPTY_BODY = YES;
				CLANG_WARN_ENUM_CONVERSION = YES;
				CLANG_WARN_INFINITE_RECURSION = YES;
				CLANG_WARN_INT_CONVERSION = YES;
				CLANG_WARN_NON_LITERAL_NULL_CONVERSION = YES;
				CLANG_WARN_OBJC_IMPLICIT_RETAIN_SELF = YES;
				CLANG_WARN_OBJC_LITERAL_CONVERSION = YES;
				CLANG_WARN_OBJC_ROOT_CLASS = YES_ERROR;
				CLANG_WARN_RANGE_LOOP_ANALYSIS = YES;
				CLANG_WARN_STRICT_PROTOTYPES = YES;
				CLANG_WARN_SUSPICIOUS_MOVE = YES;
				CLANG_WARN_UNGUARDED_AVAILABILITY = YES_AGGRESSIVE;
				CLANG_WARN_UNREACHABLE_CODE = YES;
				CLANG_WARN__DUPLICATE_METHOD_MATCH = YES;
				CODE_SIGN_IDENTITY = "iPhone Developer";
				COPY_PHASE_STRIP = NO;
				DEBUG_INFORMATION_FORMAT = dwarf;
				ENABLE_STRICT_OBJC_MSGSEND = YES;
				ENABLE_TESTABILITY = YES;
				GCC_C_LANGUAGE_STANDARD = gnu11;
				GCC_DYNAMIC_NO_PIC = NO;
				GCC_NO_COMMON_BLOCKS = YES;
				GCC_OPTIMIZATION_LEVEL = 0;
				GCC_PREPROCESSOR_DEFINITIONS = (
					"DEBUG=1",
					"$(inherited)",
				);
				GCC_WARN_64_TO_32_BIT_CONVERSION = YES;
				GCC_WARN_ABOUT_RETURN_TYPE = YES_ERROR;
				GCC_WARN_UNDECLARED_SELECTOR = YES;
				GCC_WARN_UNINITIALIZED_AUTOS = YES_AGGRESSIVE;
				GCC_WARN_UNUSED_FUNCTION = YES;
				GCC_WARN_UNUSED_VARIABLE = YES;
				IPHONEOS_DEPLOYMENT_TARGET = 12.1;
				MTL_ENABLE_DEBUG_INFO = INCLUDE_SOURCE;
				MTL_FAST_MATH = YES;
				ONLY_ACTIVE_ARCH = YES;
				SDKROOT = iphoneos;
				SWIFT_ACTIVE_COMPILATION_CONDITIONS = DEBUG;
				SWIFT_OPTIMIZATION_LEVEL = "-Onone";
			};
			name = Debug;
		};
		14D00D42229B46A0004568E2 /* Release */ = {
			isa = XCBuildConfiguration;
			buildSettings = {
				ALWAYS_SEARCH_USER_PATHS = NO;
				CLANG_ANALYZER_NONNULL = YES;
				CLANG_ANALYZER_NUMBER_OBJECT_CONVERSION = YES_AGGRESSIVE;
				CLANG_CXX_LANGUAGE_STANDARD = "gnu++14";
				CLANG_CXX_LIBRARY = "libc++";
				CLANG_ENABLE_MODULES = YES;
				CLANG_ENABLE_OBJC_ARC = YES;
				CLANG_ENABLE_OBJC_WEAK = YES;
				CLANG_WARN_BLOCK_CAPTURE_AUTORELEASING = YES;
				CLANG_WARN_BOOL_CONVERSION = YES;
				CLANG_WARN_COMMA = YES;
				CLANG_WARN_CONSTANT_CONVERSION = YES;
				CLANG_WARN_DEPRECATED_OBJC_IMPLEMENTATIONS = YES;
				CLANG_WARN_DIRECT_OBJC_ISA_USAGE = YES_ERROR;
				CLANG_WARN_DOCUMENTATION_COMMENTS = YES;
				CLANG_WARN_EMPTY_BODY = YES;
				CLANG_WARN_ENUM_CONVERSION = YES;
				CLANG_WARN_INFINITE_RECURSION = YES;
				CLANG_WARN_INT_CONVERSION = YES;
				CLANG_WARN_NON_LITERAL_NULL_CONVERSION = YES;
				CLANG_WARN_OBJC_IMPLICIT_RETAIN_SELF = YES;
				CLANG_WARN_OBJC_LITERAL_CONVERSION = YES;
				CLANG_WARN_OBJC_ROOT_CLASS = YES_ERROR;
				CLANG_WARN_RANGE_LOOP_ANALYSIS = YES;
				CLANG_WARN_STRICT_PROTOTYPES = YES;
				CLANG_WARN_SUSPICIOUS_MOVE = YES;
				CLANG_WARN_UNGUARDED_AVAILABILITY = YES_AGGRESSIVE;
				CLANG_WARN_UNREACHABLE_CODE = YES;
				CLANG_WARN__DUPLICATE_METHOD_MATCH = YES;
				CODE_SIGN_IDENTITY = "iPhone Developer";
				COPY_PHASE_STRIP = NO;
				DEBUG_INFORMATION_FORMAT = "dwarf-with-dsym";
				ENABLE_NS_ASSERTIONS = NO;
				ENABLE_STRICT_OBJC_MSGSEND = YES;
				GCC_C_LANGUAGE_STANDARD = gnu11;
				GCC_NO_COMMON_BLOCKS = YES;
				GCC_WARN_64_TO_32_BIT_CONVERSION = YES;
				GCC_WARN_ABOUT_RETURN_TYPE = YES_ERROR;
				GCC_WARN_UNDECLARED_SELECTOR = YES;
				GCC_WARN_UNINITIALIZED_AUTOS = YES_AGGRESSIVE;
				GCC_WARN_UNUSED_FUNCTION = YES;
				GCC_WARN_UNUSED_VARIABLE = YES;
				IPHONEOS_DEPLOYMENT_TARGET = 12.1;
				MTL_ENABLE_DEBUG_INFO = NO;
				MTL_FAST_MATH = YES;
				SDKROOT = iphoneos;
				SWIFT_COMPILATION_MODE = wholemodule;
				SWIFT_OPTIMIZATION_LEVEL = "-O";
				VALIDATE_PRODUCT = YES;
			};
			name = Release;
		};
		14D00D44229B46A0004568E2 /* Debug */ = {
			isa = XCBuildConfiguration;
			buildSettings = {
				ASSETCATALOG_COMPILER_APPICON_NAME = AppIcon;
				CODE_SIGN_STYLE = Automatic;
				INFOPLIST_FILE = collectionViewDemo/Info.plist;
				LD_RUNPATH_SEARCH_PATHS = (
					"$(inherited)",
					"@executable_path/Frameworks",
				);
				PRODUCT_BUNDLE_IDENTIFIER = com.jorgepinedo.collectionViewDemo;
				PRODUCT_NAME = "$(TARGET_NAME)";
				SWIFT_VERSION = 4.2;
				TARGETED_DEVICE_FAMILY = "1,2";
			};
			name = Debug;
		};
		14D00D45229B46A0004568E2 /* Release */ = {
			isa = XCBuildConfiguration;
			buildSettings = {
				ASSETCATALOG_COMPILER_APPICON_NAME = AppIcon;
				CODE_SIGN_STYLE = Automatic;
				INFOPLIST_FILE = collectionViewDemo/Info.plist;
				LD_RUNPATH_SEARCH_PATHS = (
					"$(inherited)",
					"@executable_path/Frameworks",
				);
				PRODUCT_BUNDLE_IDENTIFIER = com.jorgepinedo.collectionViewDemo;
				PRODUCT_NAME = "$(TARGET_NAME)";
				SWIFT_VERSION = 4.2;
				TARGETED_DEVICE_FAMILY = "1,2";
			};
			name = Release;
		};
		14D00D47229B46A0004568E2 /* Debug */ = {
			isa = XCBuildConfiguration;
			buildSettings = {
				ALWAYS_EMBED_SWIFT_STANDARD_LIBRARIES = YES;
				BUNDLE_LOADER = "$(TEST_HOST)";
				CODE_SIGN_STYLE = Automatic;
				INFOPLIST_FILE = collectionViewDemoTests/Info.plist;
				LD_RUNPATH_SEARCH_PATHS = (
					"$(inherited)",
					"@executable_path/Frameworks",
					"@loader_path/Frameworks",
				);
				PRODUCT_BUNDLE_IDENTIFIER = com.jorgepinedo.collectionViewDemoTests;
				PRODUCT_NAME = "$(TARGET_NAME)";
				SWIFT_VERSION = 4.2;
				TARGETED_DEVICE_FAMILY = "1,2";
				TEST_HOST = "$(BUILT_PRODUCTS_DIR)/collectionViewDemo.app/collectionViewDemo";
			};
			name = Debug;
		};
		14D00D48229B46A0004568E2 /* Release */ = {
			isa = XCBuildConfiguration;
			buildSettings = {
				ALWAYS_EMBED_SWIFT_STANDARD_LIBRARIES = YES;
				BUNDLE_LOADER = "$(TEST_HOST)";
				CODE_SIGN_STYLE = Automatic;
				INFOPLIST_FILE = collectionViewDemoTests/Info.plist;
				LD_RUNPATH_SEARCH_PATHS = (
					"$(inherited)",
					"@executable_path/Frameworks",
					"@loader_path/Frameworks",
				);
				PRODUCT_BUNDLE_IDENTIFIER = com.jorgepinedo.collectionViewDemoTests;
				PRODUCT_NAME = "$(TARGET_NAME)";
				SWIFT_VERSION = 4.2;
				TARGETED_DEVICE_FAMILY = "1,2";
				TEST_HOST = "$(BUILT_PRODUCTS_DIR)/collectionViewDemo.app/collectionViewDemo";
			};
			name = Release;
		};
		14D00D4A229B46A0004568E2 /* Debug */ = {
			isa = XCBuildConfiguration;
			buildSettings = {
				ALWAYS_EMBED_SWIFT_STANDARD_LIBRARIES = YES;
				CODE_SIGN_STYLE = Automatic;
				INFOPLIST_FILE = collectionViewDemoUITests/Info.plist;
				LD_RUNPATH_SEARCH_PATHS = (
					"$(inherited)",
					"@executable_path/Frameworks",
					"@loader_path/Frameworks",
				);
				PRODUCT_BUNDLE_IDENTIFIER = com.jorgepinedo.collectionViewDemoUITests;
				PRODUCT_NAME = "$(TARGET_NAME)";
				SWIFT_VERSION = 4.2;
				TARGETED_DEVICE_FAMILY = "1,2";
				TEST_TARGET_NAME = collectionViewDemo;
			};
			name = Debug;
		};
		14D00D4B229B46A0004568E2 /* Release */ = {
			isa = XCBuildConfiguration;
			buildSettings = {
				ALWAYS_EMBED_SWIFT_STANDARD_LIBRARIES = YES;
				CODE_SIGN_STYLE = Automatic;
				INFOPLIST_FILE = collectionViewDemoUITests/Info.plist;
				LD_RUNPATH_SEARCH_PATHS = (
					"$(inherited)",
					"@executable_path/Frameworks",
					"@loader_path/Frameworks",
				);
				PRODUCT_BUNDLE_IDENTIFIER = com.jorgepinedo.collectionViewDemoUITests;
				PRODUCT_NAME = "$(TARGET_NAME)";
				SWIFT_VERSION = 4.2;
				TARGETED_DEVICE_FAMILY = "1,2";
				TEST_TARGET_NAME = collectionViewDemo;
			};
			name = Release;
		};
/* End XCBuildConfiguration section */

/* Begin XCConfigurationList section */
		14D00D13229B469F004568E2 /* Build configuration list for PBXProject "collectionViewDemo" */ = {
			isa = XCConfigurationList;
			buildConfigurations = (
				14D00D41229B46A0004568E2 /* Debug */,
				14D00D42229B46A0004568E2 /* Release */,
			);
			defaultConfigurationIsVisible = 0;
			defaultConfigurationName = Release;
		};
		14D00D43229B46A0004568E2 /* Build configuration list for PBXNativeTarget "collectionViewDemo" */ = {
			isa = XCConfigurationList;
			buildConfigurations = (
				14D00D44229B46A0004568E2 /* Debug */,
				14D00D45229B46A0004568E2 /* Release */,
			);
			defaultConfigurationIsVisible = 0;
			defaultConfigurationName = Release;
		};
		14D00D46229B46A0004568E2 /* Build configuration list for PBXNativeTarget "collectionViewDemoTests" */ = {
			isa = XCConfigurationList;
			buildConfigurations = (
				14D00D47229B46A0004568E2 /* Debug */,
				14D00D48229B46A0004568E2 /* Release */,
			);
			defaultConfigurationIsVisible = 0;
			defaultConfigurationName = Release;
		};
		14D00D49229B46A0004568E2 /* Build configuration list for PBXNativeTarget "collectionViewDemoUITests" */ = {
			isa = XCConfigurationList;
			buildConfigurations = (
				14D00D4A229B46A0004568E2 /* Debug */,
				14D00D4B229B46A0004568E2 /* Release */,
			);
			defaultConfigurationIsVisible = 0;
			defaultConfigurationName = Release;
		};
/* End XCConfigurationList section */

/* Begin XCVersionGroup section */
		14D00D22229B469F004568E2 /* collectionViewDemo.xcdatamodeld */ = {
			isa = XCVersionGroup;
			children = (
				14D00D23229B469F004568E2 /* collectionViewDemo.xcdatamodel */,
			);
			currentVersion = 14D00D23229B469F004568E2 /* collectionViewDemo.xcdatamodel */;
			path = collectionViewDemo.xcdatamodeld;
			sourceTree = "<group>";
			versionGroupType = wrapper.xcdatamodel;
		};
/* End XCVersionGroup section */
	};
	rootObject = 14D00D10229B469F004568E2 /* Project object */;
}
